
Microsoft Visual Studio Solution File, Format Version 12.00
# Visual Studio Version 16
VisualStudioVersion = 16.0.30621.155
MinimumVisualStudioVersion = 10.0.40219.1
Project("{9A19103F-16F7-4668-BE54-9A1E7A4F7556}") = "AWSLambda1", "AWSLambda1\AWSLambda1.csproj", "{C40CAAEF-5E56-49D6-8121-7C31E8ADE876}"
EndProject
Global
	GlobalSection(SolutionConfigurationPlatforms) = preSolution
		Debug|Any CPU = Debug|Any CPU
		Release|Any CPU = Release|Any CPU
	EndGlobalSection
	GlobalSection(ProjectConfigurationPlatforms) = postSolution
		{C40CAAEF-5E56-49D6-8121-7C31E8ADE876}.Debug|Any CPU.ActiveCfg = Debug|Any CPU
		{C40CAAEF-5E56-49D6-8121-7C31E8ADE876}.Debug|Any CPU.Build.0 = Debug|Any CPU
		{C40CAAEF-5E56-49D6-8121-7C31E8ADE876}.Release|Any CPU.ActiveCfg = Release|Any CPU
		{C40CAAEF-5E56-49D6-8121-7C31E8ADE876}.Release|Any CPU.Build.0 = Release|Any CPU
	EndGlobalSection
	GlobalSection(SolutionProperties) = preSolution
		HideSolutionNode = FALSE
	EndGlobalSection
	GlobalSection(ExtensibilityGlobals) = postSolution
		SolutionGuid = {13DA849A-9A67-46A9-B7E6-7AFF4755D51C}
	EndGlobalSection
EndGlobal
